// !$*UTF8*$!
{
	archiveVersion = 1;
	classes = {
	};
	objectVersion = 56;
	objects = {

/* Begin PBXBuildFile section */
		B52153B22BE5095800DFFDF2 /* AppDelegate.swift in Sources */ = {isa = PBXBuildFile; fileRef = B52153B12BE5095800DFFDF2 /* AppDelegate.swift */; };
		B52153B42BE5095800DFFDF2 /* SceneDelegate.swift in Sources */ = {isa = PBXBuildFile; fileRef = B52153B32BE5095800DFFDF2 /* SceneDelegate.swift */; };
		B52153B62BE5095800DFFDF2 /* ImagesListViewController.swift in Sources */ = {isa = PBXBuildFile; fileRef = B52153B52BE5095800DFFDF2 /* ImagesListViewController.swift */; };
		B52153B92BE5095800DFFDF2 /* Main.storyboard in Resources */ = {isa = PBXBuildFile; fileRef = B52153B72BE5095800DFFDF2 /* Main.storyboard */; };
		B52153BB2BE5095A00DFFDF2 /* Assets.xcassets in Resources */ = {isa = PBXBuildFile; fileRef = B52153BA2BE5095A00DFFDF2 /* Assets.xcassets */; };
		B52153BE2BE5095A00DFFDF2 /* LaunchScreen.storyboard in Resources */ = {isa = PBXBuildFile; fileRef = B52153BC2BE5095A00DFFDF2 /* LaunchScreen.storyboard */; };
		B52153C92BE5095B00DFFDF2 /* ImageFeedTests.swift in Sources */ = {isa = PBXBuildFile; fileRef = B52153C82BE5095B00DFFDF2 /* ImageFeedTests.swift */; };
		B52153D32BE5095B00DFFDF2 /* ImageFeedUITests.swift in Sources */ = {isa = PBXBuildFile; fileRef = B52153D22BE5095B00DFFDF2 /* ImageFeedUITests.swift */; };
		B52153D52BE5095B00DFFDF2 /* ImageFeedUITestsLaunchTests.swift in Sources */ = {isa = PBXBuildFile; fileRef = B52153D42BE5095B00DFFDF2 /* ImageFeedUITestsLaunchTests.swift */; };
		B545CB392C1B07ED0081FC64 /* NetworkClientService.swift in Sources */ = {isa = PBXBuildFile; fileRef = B545CB382C1B07ED0081FC64 /* NetworkClientService.swift */; };
		B545CB3B2C1B08D20081FC64 /* OAuthTokenResponseBody.swift in Sources */ = {isa = PBXBuildFile; fileRef = B545CB3A2C1B08D20081FC64 /* OAuthTokenResponseBody.swift */; };
		B545CB3E2C1B0D0E0081FC64 /* OAuth2TokenStorage.swift in Sources */ = {isa = PBXBuildFile; fileRef = B545CB3D2C1B0D0E0081FC64 /* OAuth2TokenStorage.swift */; };
		B545CB412C1B132A0081FC64 /* SplashScreenViewController.swift in Sources */ = {isa = PBXBuildFile; fileRef = B545CB402C1B132A0081FC64 /* SplashScreenViewController.swift */; };
		B5B13D2A2C0B29940019838D /* Constants.swift in Sources */ = {isa = PBXBuildFile; fileRef = B5B13D292C0B29940019838D /* Constants.swift */; };
		B5C6496F2C0DD84D0064A4C2 /* AuthViewController.swift in Sources */ = {isa = PBXBuildFile; fileRef = B5C6496E2C0DD84D0064A4C2 /* AuthViewController.swift */; };
		B5C649712C0DE4D60064A4C2 /* WebViewViewController.swift in Sources */ = {isa = PBXBuildFile; fileRef = B5C649702C0DE4D60064A4C2 /* WebViewViewController.swift */; };
		B5DA94492BFF6AC500893263 /* SingleImageViewController.swift in Sources */ = {isa = PBXBuildFile; fileRef = B5DA94482BFF6AC500893263 /* SingleImageViewController.swift */; };
		B5E21A722BFE013700464DA5 /* ProfileViewController.swift in Sources */ = {isa = PBXBuildFile; fileRef = B5E21A712BFE013700464DA5 /* ProfileViewController.swift */; };
		B5E8D2BF2BEF7900008606AA /* ImagesListCell.swift in Sources */ = {isa = PBXBuildFile; fileRef = B5E8D2BE2BEF7900008606AA /* ImagesListCell.swift */; };
		B5F757572C171CAD00D13A0E /* OAuth2Service.swift in Sources */ = {isa = PBXBuildFile; fileRef = B5F757562C171CAD00D13A0E /* OAuth2Service.swift */; };
/* End PBXBuildFile section */

/* Begin PBXContainerItemProxy section */
		B52153C52BE5095B00DFFDF2 /* PBXContainerItemProxy */ = {
			isa = PBXContainerItemProxy;
			containerPortal = B52153A62BE5095800DFFDF2 /* Project object */;
			proxyType = 1;
			remoteGlobalIDString = B52153AD2BE5095800DFFDF2;
			remoteInfo = ImageFeed;
		};
		B52153CF2BE5095B00DFFDF2 /* PBXContainerItemProxy */ = {
			isa = PBXContainerItemProxy;
			containerPortal = B52153A62BE5095800DFFDF2 /* Project object */;
			proxyType = 1;
			remoteGlobalIDString = B52153AD2BE5095800DFFDF2;
			remoteInfo = ImageFeed;
		};
/* End PBXContainerItemProxy section */

/* Begin PBXFileReference section */
		B52153AE2BE5095800DFFDF2 /* ImageFeed.app */ = {isa = PBXFileReference; explicitFileType = wrapper.application; includeInIndex = 0; path = ImageFeed.app; sourceTree = BUILT_PRODUCTS_DIR; };
		B52153B12BE5095800DFFDF2 /* AppDelegate.swift */ = {isa = PBXFileReference; lastKnownFileType = sourcecode.swift; path = AppDelegate.swift; sourceTree = "<group>"; };
		B52153B32BE5095800DFFDF2 /* SceneDelegate.swift */ = {isa = PBXFileReference; lastKnownFileType = sourcecode.swift; path = SceneDelegate.swift; sourceTree = "<group>"; };
		B52153B52BE5095800DFFDF2 /* ImagesListViewController.swift */ = {isa = PBXFileReference; lastKnownFileType = sourcecode.swift; path = ImagesListViewController.swift; sourceTree = "<group>"; };
		B52153B82BE5095800DFFDF2 /* Base */ = {isa = PBXFileReference; lastKnownFileType = file.storyboard; name = Base; path = Base.lproj/Main.storyboard; sourceTree = "<group>"; };
		B52153BA2BE5095A00DFFDF2 /* Assets.xcassets */ = {isa = PBXFileReference; lastKnownFileType = folder.assetcatalog; path = Assets.xcassets; sourceTree = "<group>"; };
		B52153BD2BE5095A00DFFDF2 /* Base */ = {isa = PBXFileReference; lastKnownFileType = file.storyboard; name = Base; path = Base.lproj/LaunchScreen.storyboard; sourceTree = "<group>"; };
		B52153BF2BE5095A00DFFDF2 /* Info.plist */ = {isa = PBXFileReference; lastKnownFileType = text.plist.xml; path = Info.plist; sourceTree = "<group>"; };
		B52153C42BE5095B00DFFDF2 /* ImageFeedTests.xctest */ = {isa = PBXFileReference; explicitFileType = wrapper.cfbundle; includeInIndex = 0; path = ImageFeedTests.xctest; sourceTree = BUILT_PRODUCTS_DIR; };
		B52153C82BE5095B00DFFDF2 /* ImageFeedTests.swift */ = {isa = PBXFileReference; lastKnownFileType = sourcecode.swift; path = ImageFeedTests.swift; sourceTree = "<group>"; };
		B52153CE2BE5095B00DFFDF2 /* ImageFeedUITests.xctest */ = {isa = PBXFileReference; explicitFileType = wrapper.cfbundle; includeInIndex = 0; path = ImageFeedUITests.xctest; sourceTree = BUILT_PRODUCTS_DIR; };
		B52153D22BE5095B00DFFDF2 /* ImageFeedUITests.swift */ = {isa = PBXFileReference; lastKnownFileType = sourcecode.swift; path = ImageFeedUITests.swift; sourceTree = "<group>"; };
		B52153D42BE5095B00DFFDF2 /* ImageFeedUITestsLaunchTests.swift */ = {isa = PBXFileReference; lastKnownFileType = sourcecode.swift; path = ImageFeedUITestsLaunchTests.swift; sourceTree = "<group>"; };
		B545CB382C1B07ED0081FC64 /* NetworkClientService.swift */ = {isa = PBXFileReference; lastKnownFileType = sourcecode.swift; path = NetworkClientService.swift; sourceTree = "<group>"; };
		B545CB3A2C1B08D20081FC64 /* OAuthTokenResponseBody.swift */ = {isa = PBXFileReference; lastKnownFileType = sourcecode.swift; path = OAuthTokenResponseBody.swift; sourceTree = "<group>"; };
		B545CB3D2C1B0D0E0081FC64 /* OAuth2TokenStorage.swift */ = {isa = PBXFileReference; lastKnownFileType = sourcecode.swift; path = OAuth2TokenStorage.swift; sourceTree = "<group>"; };
		B545CB402C1B132A0081FC64 /* SplashScreenViewController.swift */ = {isa = PBXFileReference; lastKnownFileType = sourcecode.swift; path = SplashScreenViewController.swift; sourceTree = "<group>"; };
		B5B13D292C0B29940019838D /* Constants.swift */ = {isa = PBXFileReference; lastKnownFileType = sourcecode.swift; path = Constants.swift; sourceTree = "<group>"; };
		B5C6496E2C0DD84D0064A4C2 /* AuthViewController.swift */ = {isa = PBXFileReference; lastKnownFileType = sourcecode.swift; path = AuthViewController.swift; sourceTree = "<group>"; };
		B5C649702C0DE4D60064A4C2 /* WebViewViewController.swift */ = {isa = PBXFileReference; lastKnownFileType = sourcecode.swift; path = WebViewViewController.swift; sourceTree = "<group>"; };
		B5DA94482BFF6AC500893263 /* SingleImageViewController.swift */ = {isa = PBXFileReference; lastKnownFileType = sourcecode.swift; path = SingleImageViewController.swift; sourceTree = "<group>"; };
		B5E21A712BFE013700464DA5 /* ProfileViewController.swift */ = {isa = PBXFileReference; lastKnownFileType = sourcecode.swift; path = ProfileViewController.swift; sourceTree = "<group>"; };
		B5E8D2BE2BEF7900008606AA /* ImagesListCell.swift */ = {isa = PBXFileReference; lastKnownFileType = sourcecode.swift; path = ImagesListCell.swift; sourceTree = "<group>"; };
		B5F757562C171CAD00D13A0E /* OAuth2Service.swift */ = {isa = PBXFileReference; lastKnownFileType = sourcecode.swift; path = OAuth2Service.swift; sourceTree = "<group>"; };
/* End PBXFileReference section */

/* Begin PBXFrameworksBuildPhase section */
		B52153AB2BE5095800DFFDF2 /* Frameworks */ = {
			isa = PBXFrameworksBuildPhase;
			buildActionMask = 2147483647;
			files = (
			);
			runOnlyForDeploymentPostprocessing = 0;
		};
		B52153C12BE5095B00DFFDF2 /* Frameworks */ = {
			isa = PBXFrameworksBuildPhase;
			buildActionMask = 2147483647;
			files = (
			);
			runOnlyForDeploymentPostprocessing = 0;
		};
		B52153CB2BE5095B00DFFDF2 /* Frameworks */ = {
			isa = PBXFrameworksBuildPhase;
			buildActionMask = 2147483647;
			files = (
			);
			runOnlyForDeploymentPostprocessing = 0;
		};
/* End PBXFrameworksBuildPhase section */

/* Begin PBXGroup section */
		B52153A52BE5095800DFFDF2 = {
			isa = PBXGroup;
			children = (
				B52153B02BE5095800DFFDF2 /* ImageFeed */,
				B52153C72BE5095B00DFFDF2 /* ImageFeedTests */,
				B52153D12BE5095B00DFFDF2 /* ImageFeedUITests */,
				B52153AF2BE5095800DFFDF2 /* Products */,
			);
			sourceTree = "<group>";
		};
		B52153AF2BE5095800DFFDF2 /* Products */ = {
			isa = PBXGroup;
			children = (
				B52153AE2BE5095800DFFDF2 /* ImageFeed.app */,
				B52153C42BE5095B00DFFDF2 /* ImageFeedTests.xctest */,
				B52153CE2BE5095B00DFFDF2 /* ImageFeedUITests.xctest */,
			);
			name = Products;
			sourceTree = "<group>";
		};
		B52153B02BE5095800DFFDF2 /* ImageFeed */ = {
			isa = PBXGroup;
			children = (
				B545CB3F2C1B13090081FC64 /* SplashScreenViewController */,
				B545CB3C2C1B09C60081FC64 /* OAuthToken */,
				B5C6496D2C0DD8270064A4C2 /* Auth */,
				B5DA94472BFF6A9400893263 /* SingleImageViewController */,
				B5E21A732BFE058D00464DA5 /* ProfileViewController */,
				B5E8D2C02BEF7972008606AA /* ImagesList */,
				B52153B12BE5095800DFFDF2 /* AppDelegate.swift */,
				B52153B32BE5095800DFFDF2 /* SceneDelegate.swift */,
				B52153B72BE5095800DFFDF2 /* Main.storyboard */,
				B52153BA2BE5095A00DFFDF2 /* Assets.xcassets */,
				B52153BC2BE5095A00DFFDF2 /* LaunchScreen.storyboard */,
				B52153BF2BE5095A00DFFDF2 /* Info.plist */,
				B5B13D292C0B29940019838D /* Constants.swift */,
			);
			path = ImageFeed;
			sourceTree = "<group>";
		};
		B52153C72BE5095B00DFFDF2 /* ImageFeedTests */ = {
			isa = PBXGroup;
			children = (
				B52153C82BE5095B00DFFDF2 /* ImageFeedTests.swift */,
			);
			path = ImageFeedTests;
			sourceTree = "<group>";
		};
		B52153D12BE5095B00DFFDF2 /* ImageFeedUITests */ = {
			isa = PBXGroup;
			children = (
				B52153D22BE5095B00DFFDF2 /* ImageFeedUITests.swift */,
				B52153D42BE5095B00DFFDF2 /* ImageFeedUITestsLaunchTests.swift */,
			);
			path = ImageFeedUITests;
			sourceTree = "<group>";
		};
		B545CB3C2C1B09C60081FC64 /* OAuthToken */ = {
			isa = PBXGroup;
			children = (
				B545CB3A2C1B08D20081FC64 /* OAuthTokenResponseBody.swift */,
				B5F757562C171CAD00D13A0E /* OAuth2Service.swift */,
				B545CB3D2C1B0D0E0081FC64 /* OAuth2TokenStorage.swift */,
			);
			path = OAuthToken;
			sourceTree = "<group>";
		};
		B545CB3F2C1B13090081FC64 /* SplashScreenViewController */ = {
			isa = PBXGroup;
			children = (
				B545CB402C1B132A0081FC64 /* SplashScreenViewController.swift */,
			);
			path = SplashScreenViewController;
			sourceTree = "<group>";
		};
		B5C6496D2C0DD8270064A4C2 /* Auth */ = {
			isa = PBXGroup;
			children = (
				B5C6496E2C0DD84D0064A4C2 /* AuthViewController.swift */,
				B5C649702C0DE4D60064A4C2 /* WebViewViewController.swift */,
				B545CB382C1B07ED0081FC64 /* NetworkClientService.swift */,
			);
			path = Auth;
			sourceTree = "<group>";
		};
		B5DA94472BFF6A9400893263 /* SingleImageViewController */ = {
			isa = PBXGroup;
			children = (
				B5DA94482BFF6AC500893263 /* SingleImageViewController.swift */,
			);
			path = SingleImageViewController;
			sourceTree = "<group>";
		};
		B5E21A732BFE058D00464DA5 /* ProfileViewController */ = {
			isa = PBXGroup;
			children = (
				B5E21A712BFE013700464DA5 /* ProfileViewController.swift */,
			);
			path = ProfileViewController;
			sourceTree = "<group>";
		};
		B5E8D2C02BEF7972008606AA /* ImagesList */ = {
			isa = PBXGroup;
			children = (
				B5E8D2BE2BEF7900008606AA /* ImagesListCell.swift */,
				B52153B52BE5095800DFFDF2 /* ImagesListViewController.swift */,
			);
			path = ImagesList;
			sourceTree = "<group>";
		};
/* End PBXGroup section */

/* Begin PBXNativeTarget section */
		B52153AD2BE5095800DFFDF2 /* ImageFeed */ = {
			isa = PBXNativeTarget;
			buildConfigurationList = B52153D82BE5095B00DFFDF2 /* Build configuration list for PBXNativeTarget "ImageFeed" */;
			buildPhases = (
				B52153AA2BE5095800DFFDF2 /* Sources */,
				B52153AB2BE5095800DFFDF2 /* Frameworks */,
				B52153AC2BE5095800DFFDF2 /* Resources */,
			);
			buildRules = (
			);
			dependencies = (
			);
			name = ImageFeed;
			productName = ImageFeed;
			productReference = B52153AE2BE5095800DFFDF2 /* ImageFeed.app */;
			productType = "com.apple.product-type.application";
		};
		B52153C32BE5095B00DFFDF2 /* ImageFeedTests */ = {
			isa = PBXNativeTarget;
			buildConfigurationList = B52153DB2BE5095B00DFFDF2 /* Build configuration list for PBXNativeTarget "ImageFeedTests" */;
			buildPhases = (
				B52153C02BE5095B00DFFDF2 /* Sources */,
				B52153C12BE5095B00DFFDF2 /* Frameworks */,
				B52153C22BE5095B00DFFDF2 /* Resources */,
			);
			buildRules = (
			);
			dependencies = (
				B52153C62BE5095B00DFFDF2 /* PBXTargetDependency */,
			);
			name = ImageFeedTests;
			productName = ImageFeedTests;
			productReference = B52153C42BE5095B00DFFDF2 /* ImageFeedTests.xctest */;
			productType = "com.apple.product-type.bundle.unit-test";
		};
		B52153CD2BE5095B00DFFDF2 /* ImageFeedUITests */ = {
			isa = PBXNativeTarget;
			buildConfigurationList = B52153DE2BE5095B00DFFDF2 /* Build configuration list for PBXNativeTarget "ImageFeedUITests" */;
			buildPhases = (
				B52153CA2BE5095B00DFFDF2 /* Sources */,
				B52153CB2BE5095B00DFFDF2 /* Frameworks */,
				B52153CC2BE5095B00DFFDF2 /* Resources */,
			);
			buildRules = (
			);
			dependencies = (
				B52153D02BE5095B00DFFDF2 /* PBXTargetDependency */,
			);
			name = ImageFeedUITests;
			productName = ImageFeedUITests;
			productReference = B52153CE2BE5095B00DFFDF2 /* ImageFeedUITests.xctest */;
			productType = "com.apple.product-type.bundle.ui-testing";
		};
/* End PBXNativeTarget section */

/* Begin PBXProject section */
		B52153A62BE5095800DFFDF2 /* Project object */ = {
			isa = PBXProject;
			attributes = {
				BuildIndependentTargetsInParallel = 1;
				LastSwiftUpdateCheck = 1510;
				LastUpgradeCheck = 1510;
				TargetAttributes = {
					B52153AD2BE5095800DFFDF2 = {
						CreatedOnToolsVersion = 15.1;
					};
					B52153C32BE5095B00DFFDF2 = {
						CreatedOnToolsVersion = 15.1;
						TestTargetID = B52153AD2BE5095800DFFDF2;
					};
					B52153CD2BE5095B00DFFDF2 = {
						CreatedOnToolsVersion = 15.1;
						TestTargetID = B52153AD2BE5095800DFFDF2;
					};
				};
			};
			buildConfigurationList = B52153A92BE5095800DFFDF2 /* Build configuration list for PBXProject "ImageFeed" */;
			compatibilityVersion = "Xcode 14.0";
			developmentRegion = en;
			hasScannedForEncodings = 0;
			knownRegions = (
				en,
				Base,
			);
			mainGroup = B52153A52BE5095800DFFDF2;
			productRefGroup = B52153AF2BE5095800DFFDF2 /* Products */;
			projectDirPath = "";
			projectRoot = "";
			targets = (
				B52153AD2BE5095800DFFDF2 /* ImageFeed */,
				B52153C32BE5095B00DFFDF2 /* ImageFeedTests */,
				B52153CD2BE5095B00DFFDF2 /* ImageFeedUITests */,
			);
		};
/* End PBXProject section */

/* Begin PBXResourcesBuildPhase section */
		B52153AC2BE5095800DFFDF2 /* Resources */ = {
			isa = PBXResourcesBuildPhase;
			buildActionMask = 2147483647;
			files = (
				B52153BE2BE5095A00DFFDF2 /* LaunchScreen.storyboard in Resources */,
				B52153BB2BE5095A00DFFDF2 /* Assets.xcassets in Resources */,
				B52153B92BE5095800DFFDF2 /* Main.storyboard in Resources */,
			);
			runOnlyForDeploymentPostprocessing = 0;
		};
		B52153C22BE5095B00DFFDF2 /* Resources */ = {
			isa = PBXResourcesBuildPhase;
			buildActionMask = 2147483647;
			files = (
			);
			runOnlyForDeploymentPostprocessing = 0;
		};
		B52153CC2BE5095B00DFFDF2 /* Resources */ = {
			isa = PBXResourcesBuildPhase;
			buildActionMask = 2147483647;
			files = (
			);
			runOnlyForDeploymentPostprocessing = 0;
		};
/* End PBXResourcesBuildPhase section */

/* Begin PBXSourcesBuildPhase section */
		B52153AA2BE5095800DFFDF2 /* Sources */ = {
			isa = PBXSourcesBuildPhase;
			buildActionMask = 2147483647;
			files = (
				B52153B62BE5095800DFFDF2 /* ImagesListViewController.swift in Sources */,
				B5E8D2BF2BEF7900008606AA /* ImagesListCell.swift in Sources */,
				B545CB412C1B132A0081FC64 /* SplashScreenViewController.swift in Sources */,
				B545CB3B2C1B08D20081FC64 /* OAuthTokenResponseBody.swift in Sources */,
				B5E21A722BFE013700464DA5 /* ProfileViewController.swift in Sources */,
				B52153B22BE5095800DFFDF2 /* AppDelegate.swift in Sources */,
				B5C6496F2C0DD84D0064A4C2 /* AuthViewController.swift in Sources */,
				B545CB392C1B07ED0081FC64 /* NetworkClientService.swift in Sources */,
				B5B13D2A2C0B29940019838D /* Constants.swift in Sources */,
				B5DA94492BFF6AC500893263 /* SingleImageViewController.swift in Sources */,
				B5C649712C0DE4D60064A4C2 /* WebViewViewController.swift in Sources */,
				B5F757572C171CAD00D13A0E /* OAuth2Service.swift in Sources */,
				B545CB3E2C1B0D0E0081FC64 /* OAuth2TokenStorage.swift in Sources */,
				B52153B42BE5095800DFFDF2 /* SceneDelegate.swift in Sources */,
			);
			runOnlyForDeploymentPostprocessing = 0;
		};
		B52153C02BE5095B00DFFDF2 /* Sources */ = {
			isa = PBXSourcesBuildPhase;
			buildActionMask = 2147483647;
			files = (
				B52153C92BE5095B00DFFDF2 /* ImageFeedTests.swift in Sources */,
			);
			runOnlyForDeploymentPostprocessing = 0;
		};
		B52153CA2BE5095B00DFFDF2 /* Sources */ = {
			isa = PBXSourcesBuildPhase;
			buildActionMask = 2147483647;
			files = (
				B52153D52BE5095B00DFFDF2 /* ImageFeedUITestsLaunchTests.swift in Sources */,
				B52153D32BE5095B00DFFDF2 /* ImageFeedUITests.swift in Sources */,
			);
			runOnlyForDeploymentPostprocessing = 0;
		};
/* End PBXSourcesBuildPhase section */

/* Begin PBXTargetDependency section */
		B52153C62BE5095B00DFFDF2 /* PBXTargetDependency */ = {
			isa = PBXTargetDependency;
			target = B52153AD2BE5095800DFFDF2 /* ImageFeed */;
			targetProxy = B52153C52BE5095B00DFFDF2 /* PBXContainerItemProxy */;
		};
		B52153D02BE5095B00DFFDF2 /* PBXTargetDependency */ = {
			isa = PBXTargetDependency;
			target = B52153AD2BE5095800DFFDF2 /* ImageFeed */;
			targetProxy = B52153CF2BE5095B00DFFDF2 /* PBXContainerItemProxy */;
		};
/* End PBXTargetDependency section */

/* Begin PBXVariantGroup section */
		B52153B72BE5095800DFFDF2 /* Main.storyboard */ = {
			isa = PBXVariantGroup;
			children = (
				B52153B82BE5095800DFFDF2 /* Base */,
			);
			name = Main.storyboard;
			sourceTree = "<group>";
		};
		B52153BC2BE5095A00DFFDF2 /* LaunchScreen.storyboard */ = {
			isa = PBXVariantGroup;
			children = (
				B52153BD2BE5095A00DFFDF2 /* Base */,
			);
			name = LaunchScreen.storyboard;
			sourceTree = "<group>";
		};
/* End PBXVariantGroup section */

/* Begin XCBuildConfiguration section */
		B52153D62BE5095B00DFFDF2 /* Debug */ = {
			isa = XCBuildConfiguration;
			buildSettings = {
				ALWAYS_SEARCH_USER_PATHS = NO;
				ASSETCATALOG_COMPILER_GENERATE_SWIFT_ASSET_SYMBOL_EXTENSIONS = YES;
				CLANG_ANALYZER_NONNULL = YES;
				CLANG_ANALYZER_NUMBER_OBJECT_CONVERSION = YES_AGGRESSIVE;
				CLANG_CXX_LANGUAGE_STANDARD = "gnu++20";
				CLANG_ENABLE_MODULES = YES;
				CLANG_ENABLE_OBJC_ARC = YES;
				CLANG_ENABLE_OBJC_WEAK = YES;
				CLANG_WARN_BLOCK_CAPTURE_AUTORELEASING = YES;
				CLANG_WARN_BOOL_CONVERSION = YES;
				CLANG_WARN_COMMA = YES;
				CLANG_WARN_CONSTANT_CONVERSION = YES;
				CLANG_WARN_DEPRECATED_OBJC_IMPLEMENTATIONS = YES;
				CLANG_WARN_DIRECT_OBJC_ISA_USAGE = YES_ERROR;
				CLANG_WARN_DOCUMENTATION_COMMENTS = YES;
				CLANG_WARN_EMPTY_BODY = YES;
				CLANG_WARN_ENUM_CONVERSION = YES;
				CLANG_WARN_INFINITE_RECURSION = YES;
				CLANG_WARN_INT_CONVERSION = YES;
				CLANG_WARN_NON_LITERAL_NULL_CONVERSION = YES;
				CLANG_WARN_OBJC_IMPLICIT_RETAIN_SELF = YES;
				CLANG_WARN_OBJC_LITERAL_CONVERSION = YES;
				CLANG_WARN_OBJC_ROOT_CLASS = YES_ERROR;
				CLANG_WARN_QUOTED_INCLUDE_IN_FRAMEWORK_HEADER = YES;
				CLANG_WARN_RANGE_LOOP_ANALYSIS = YES;
				CLANG_WARN_STRICT_PROTOTYPES = YES;
				CLANG_WARN_SUSPICIOUS_MOVE = YES;
				CLANG_WARN_UNGUARDED_AVAILABILITY = YES_AGGRESSIVE;
				CLANG_WARN_UNREACHABLE_CODE = YES;
				CLANG_WARN__DUPLICATE_METHOD_MATCH = YES;
				COPY_PHASE_STRIP = NO;
				DEBUG_INFORMATION_FORMAT = dwarf;
				ENABLE_STRICT_OBJC_MSGSEND = YES;
				ENABLE_TESTABILITY = YES;
				ENABLE_USER_SCRIPT_SANDBOXING = YES;
				GCC_C_LANGUAGE_STANDARD = gnu17;
				GCC_DYNAMIC_NO_PIC = NO;
				GCC_NO_COMMON_BLOCKS = YES;
				GCC_OPTIMIZATION_LEVEL = 0;
				GCC_PREPROCESSOR_DEFINITIONS = (
					"DEBUG=1",
					"$(inherited)",
				);
				GCC_WARN_64_TO_32_BIT_CONVERSION = YES;
				GCC_WARN_ABOUT_RETURN_TYPE = YES_ERROR;
				GCC_WARN_UNDECLARED_SELECTOR = YES;
				GCC_WARN_UNINITIALIZED_AUTOS = YES_AGGRESSIVE;
				GCC_WARN_UNUSED_FUNCTION = YES;
				GCC_WARN_UNUSED_VARIABLE = YES;
				IPHONEOS_DEPLOYMENT_TARGET = 17.2;
				LOCALIZATION_PREFERS_STRING_CATALOGS = YES;
				MTL_ENABLE_DEBUG_INFO = INCLUDE_SOURCE;
				MTL_FAST_MATH = YES;
				ONLY_ACTIVE_ARCH = YES;
				SDKROOT = iphoneos;
				SWIFT_ACTIVE_COMPILATION_CONDITIONS = "DEBUG $(inherited)";
				SWIFT_OPTIMIZATION_LEVEL = "-Onone";
			};
			name = Debug;
		};
		B52153D72BE5095B00DFFDF2 /* Release */ = {
			isa = XCBuildConfiguration;
			buildSettings = {
				ALWAYS_SEARCH_USER_PATHS = NO;
				ASSETCATALOG_COMPILER_GENERATE_SWIFT_ASSET_SYMBOL_EXTENSIONS = YES;
				CLANG_ANALYZER_NONNULL = YES;
				CLANG_ANALYZER_NUMBER_OBJECT_CONVERSION = YES_AGGRESSIVE;
				CLANG_CXX_LANGUAGE_STANDARD = "gnu++20";
				CLANG_ENABLE_MODULES = YES;
				CLANG_ENABLE_OBJC_ARC = YES;
				CLANG_ENABLE_OBJC_WEAK = YES;
				CLANG_WARN_BLOCK_CAPTURE_AUTORELEASING = YES;
				CLANG_WARN_BOOL_CONVERSION = YES;
				CLANG_WARN_COMMA = YES;
				CLANG_WARN_CONSTANT_CONVERSION = YES;
				CLANG_WARN_DEPRECATED_OBJC_IMPLEMENTATIONS = YES;
				CLANG_WARN_DIRECT_OBJC_ISA_USAGE = YES_ERROR;
				CLANG_WARN_DOCUMENTATION_COMMENTS = YES;
				CLANG_WARN_EMPTY_BODY = YES;
				CLANG_WARN_ENUM_CONVERSION = YES;
				CLANG_WARN_INFINITE_RECURSION = YES;
				CLANG_WARN_INT_CONVERSION = YES;
				CLANG_WARN_NON_LITERAL_NULL_CONVERSION = YES;
				CLANG_WARN_OBJC_IMPLICIT_RETAIN_SELF = YES;
				CLANG_WARN_OBJC_LITERAL_CONVERSION = YES;
				CLANG_WARN_OBJC_ROOT_CLASS = YES_ERROR;
				CLANG_WARN_QUOTED_INCLUDE_IN_FRAMEWORK_HEADER = YES;
				CLANG_WARN_RANGE_LOOP_ANALYSIS = YES;
				CLANG_WARN_STRICT_PROTOTYPES = YES;
				CLANG_WARN_SUSPICIOUS_MOVE = YES;
				CLANG_WARN_UNGUARDED_AVAILABILITY = YES_AGGRESSIVE;
				CLANG_WARN_UNREACHABLE_CODE = YES;
				CLANG_WARN__DUPLICATE_METHOD_MATCH = YES;
				COPY_PHASE_STRIP = NO;
				DEBUG_INFORMATION_FORMAT = "dwarf-with-dsym";
				ENABLE_NS_ASSERTIONS = NO;
				ENABLE_STRICT_OBJC_MSGSEND = YES;
				ENABLE_USER_SCRIPT_SANDBOXING = YES;
				GCC_C_LANGUAGE_STANDARD = gnu17;
				GCC_NO_COMMON_BLOCKS = YES;
				GCC_WARN_64_TO_32_BIT_CONVERSION = YES;
				GCC_WARN_ABOUT_RETURN_TYPE = YES_ERROR;
				GCC_WARN_UNDECLARED_SELECTOR = YES;
				GCC_WARN_UNINITIALIZED_AUTOS = YES_AGGRESSIVE;
				GCC_WARN_UNUSED_FUNCTION = YES;
				GCC_WARN_UNUSED_VARIABLE = YES;
				IPHONEOS_DEPLOYMENT_TARGET = 17.2;
				LOCALIZATION_PREFERS_STRING_CATALOGS = YES;
				MTL_ENABLE_DEBUG_INFO = NO;
				MTL_FAST_MATH = YES;
				SDKROOT = iphoneos;
				SWIFT_COMPILATION_MODE = wholemodule;
				VALIDATE_PRODUCT = YES;
			};
			name = Release;
		};
		B52153D92BE5095B00DFFDF2 /* Debug */ = {
			isa = XCBuildConfiguration;
			buildSettings = {
				ASSETCATALOG_COMPILER_APPICON_NAME = AppIcon;
				ASSETCATALOG_COMPILER_GLOBAL_ACCENT_COLOR_NAME = AccentColor;
				CODE_SIGN_STYLE = Automatic;
				CURRENT_PROJECT_VERSION = 1;
				DEVELOPMENT_TEAM = A89A5GBX7T;
				GENERATE_INFOPLIST_FILE = YES;
				INFOPLIST_FILE = ImageFeed/Info.plist;
				INFOPLIST_KEY_UIApplicationSupportsIndirectInputEvents = YES;
				INFOPLIST_KEY_UILaunchStoryboardName = LaunchScreen;
				INFOPLIST_KEY_UIMainStoryboardFile = Main;
				INFOPLIST_KEY_UIStatusBarStyle = "";
				INFOPLIST_KEY_UISupportedInterfaceOrientations = UIInterfaceOrientationPortrait;
				INFOPLIST_KEY_UISupportedInterfaceOrientations_iPad = "UIInterfaceOrientationLandscapeLeft UIInterfaceOrientationLandscapeRight UIInterfaceOrientationPortrait UIInterfaceOrientationPortraitUpsideDown";
				IPHONEOS_DEPLOYMENT_TARGET = 13.0;
				LD_RUNPATH_SEARCH_PATHS = (
					"$(inherited)",
					"@executable_path/Frameworks",
				);
				MARKETING_VERSION = 1.0;
				PRODUCT_BUNDLE_IDENTIFIER = com.maxoscaro.ImageFeed;
				PRODUCT_NAME = "$(TARGET_NAME)";
				SUPPORTED_PLATFORMS = "iphoneos iphonesimulator";
				SUPPORTS_MACCATALYST = NO;
				SUPPORTS_MAC_DESIGNED_FOR_IPHONE_IPAD = NO;
				SWIFT_EMIT_LOC_STRINGS = YES;
				SWIFT_VERSION = 5.0;
				TARGETED_DEVICE_FAMILY = 1;
			};
			name = Debug;
		};
		B52153DA2BE5095B00DFFDF2 /* Release */ = {
			isa = XCBuildConfiguration;
			buildSettings = {
				ASSETCATALOG_COMPILER_APPICON_NAME = AppIcon;
				ASSETCATALOG_COMPILER_GLOBAL_ACCENT_COLOR_NAME = AccentColor;
				CODE_SIGN_STYLE = Automatic;
				CURRENT_PROJECT_VERSION = 1;
				DEVELOPMENT_TEAM = A89A5GBX7T;
				GENERATE_INFOPLIST_FILE = YES;
				INFOPLIST_FILE = ImageFeed/Info.plist;
				INFOPLIST_KEY_UIApplicationSupportsIndirectInputEvents = YES;
				INFOPLIST_KEY_UILaunchStoryboardName = LaunchScreen;
				INFOPLIST_KEY_UIMainStoryboardFile = Main;
				INFOPLIST_KEY_UIStatusBarStyle = "";
				INFOPLIST_KEY_UISupportedInterfaceOrientations = UIInterfaceOrientationPortrait;
				INFOPLIST_KEY_UISupportedInterfaceOrientations_iPad = "UIInterfaceOrientationLandscapeLeft UIInterfaceOrientationLandscapeRight UIInterfaceOrientationPortrait UIInterfaceOrientationPortraitUpsideDown";
				IPHONEOS_DEPLOYMENT_TARGET = 13.0;
				LD_RUNPATH_SEARCH_PATHS = (
					"$(inherited)",
					"@executable_path/Frameworks",
				);
				MARKETING_VERSION = 1.0;
				PRODUCT_BUNDLE_IDENTIFIER = com.maxoscaro.ImageFeed;
				PRODUCT_NAME = "$(TARGET_NAME)";
				SUPPORTED_PLATFORMS = "iphoneos iphonesimulator";
				SUPPORTS_MACCATALYST = NO;
				SUPPORTS_MAC_DESIGNED_FOR_IPHONE_IPAD = NO;
				SWIFT_EMIT_LOC_STRINGS = YES;
				SWIFT_VERSION = 5.0;
				TARGETED_DEVICE_FAMILY = 1;
			};
			name = Release;
		};
		B52153DC2BE5095B00DFFDF2 /* Debug */ = {
			isa = XCBuildConfiguration;
			buildSettings = {
				ALWAYS_EMBED_SWIFT_STANDARD_LIBRARIES = YES;
				BUNDLE_LOADER = "$(TEST_HOST)";
				CODE_SIGN_STYLE = Automatic;
				CURRENT_PROJECT_VERSION = 1;
				DEVELOPMENT_TEAM = A89A5GBX7T;
				GENERATE_INFOPLIST_FILE = YES;
				IPHONEOS_DEPLOYMENT_TARGET = 17.2;
				MARKETING_VERSION = 1.0;
				PRODUCT_BUNDLE_IDENTIFIER = com.maxoscaro.ImageFeedTests;
				PRODUCT_NAME = "$(TARGET_NAME)";
				SWIFT_EMIT_LOC_STRINGS = NO;
				SWIFT_VERSION = 5.0;
				TARGETED_DEVICE_FAMILY = "1,2";
				TEST_HOST = "$(BUILT_PRODUCTS_DIR)/ImageFeed.app/$(BUNDLE_EXECUTABLE_FOLDER_PATH)/ImageFeed";
			};
			name = Debug;
		};
		B52153DD2BE5095B00DFFDF2 /* Release */ = {
			isa = XCBuildConfiguration;
			buildSettings = {
				ALWAYS_EMBED_SWIFT_STANDARD_LIBRARIES = YES;
				BUNDLE_LOADER = "$(TEST_HOST)";
				CODE_SIGN_STYLE = Automatic;
				CURRENT_PROJECT_VERSION = 1;
				DEVELOPMENT_TEAM = A89A5GBX7T;
				GENERATE_INFOPLIST_FILE = YES;
				IPHONEOS_DEPLOYMENT_TARGET = 17.2;
				MARKETING_VERSION = 1.0;
				PRODUCT_BUNDLE_IDENTIFIER = com.maxoscaro.ImageFeedTests;
				PRODUCT_NAME = "$(TARGET_NAME)";
				SWIFT_EMIT_LOC_STRINGS = NO;
				SWIFT_VERSION = 5.0;
				TARGETED_DEVICE_FAMILY = "1,2";
				TEST_HOST = "$(BUILT_PRODUCTS_DIR)/ImageFeed.app/$(BUNDLE_EXECUTABLE_FOLDER_PATH)/ImageFeed";
			};
			name = Release;
		};
		B52153DF2BE5095B00DFFDF2 /* Debug */ = {
			isa = XCBuildConfiguration;
			buildSettings = {
				ALWAYS_EMBED_SWIFT_STANDARD_LIBRARIES = YES;
				CODE_SIGN_STYLE = Automatic;
				CURRENT_PROJECT_VERSION = 1;
				DEVELOPMENT_TEAM = A89A5GBX7T;
				GENERATE_INFOPLIST_FILE = YES;
				MARKETING_VERSION = 1.0;
				PRODUCT_BUNDLE_IDENTIFIER = com.maxoscaro.ImageFeedUITests;
				PRODUCT_NAME = "$(TARGET_NAME)";
				SWIFT_EMIT_LOC_STRINGS = NO;
				SWIFT_VERSION = 5.0;
				TARGETED_DEVICE_FAMILY = "1,2";
				TEST_TARGET_NAME = ImageFeed;
			};
			name = Debug;
		};
		B52153E02BE5095B00DFFDF2 /* Release */ = {
			isa = XCBuildConfiguration;
			buildSettings = {
				ALWAYS_EMBED_SWIFT_STANDARD_LIBRARIES = YES;
				CODE_SIGN_STYLE = Automatic;
				CURRENT_PROJECT_VERSION = 1;
				DEVELOPMENT_TEAM = A89A5GBX7T;
				GENERATE_INFOPLIST_FILE = YES;
				MARKETING_VERSION = 1.0;
				PRODUCT_BUNDLE_IDENTIFIER = com.maxoscaro.ImageFeedUITests;
				PRODUCT_NAME = "$(TARGET_NAME)";
				SWIFT_EMIT_LOC_STRINGS = NO;
				SWIFT_VERSION = 5.0;
				TARGETED_DEVICE_FAMILY = "1,2";
				TEST_TARGET_NAME = ImageFeed;
			};
			name = Release;
		};
/* End XCBuildConfiguration section */

/* Begin XCConfigurationList section */
		B52153A92BE5095800DFFDF2 /* Build configuration list for PBXProject "ImageFeed" */ = {
			isa = XCConfigurationList;
			buildConfigurations = (
				B52153D62BE5095B00DFFDF2 /* Debug */,
				B52153D72BE5095B00DFFDF2 /* Release */,
			);
			defaultConfigurationIsVisible = 0;
			defaultConfigurationName = Release;
		};
		B52153D82BE5095B00DFFDF2 /* Build configuration list for PBXNativeTarget "ImageFeed" */ = {
			isa = XCConfigurationList;
			buildConfigurations = (
				B52153D92BE5095B00DFFDF2 /* Debug */,
				B52153DA2BE5095B00DFFDF2 /* Release */,
			);
			defaultConfigurationIsVisible = 0;
			defaultConfigurationName = Release;
		};
		B52153DB2BE5095B00DFFDF2 /* Build configuration list for PBXNativeTarget "ImageFeedTests" */ = {
			isa = XCConfigurationList;
			buildConfigurations = (
				B52153DC2BE5095B00DFFDF2 /* Debug */,
				B52153DD2BE5095B00DFFDF2 /* Release */,
			);
			defaultConfigurationIsVisible = 0;
			defaultConfigurationName = Release;
		};
		B52153DE2BE5095B00DFFDF2 /* Build configuration list for PBXNativeTarget "ImageFeedUITests" */ = {
			isa = XCConfigurationList;
			buildConfigurations = (
				B52153DF2BE5095B00DFFDF2 /* Debug */,
				B52153E02BE5095B00DFFDF2 /* Release */,
			);
			defaultConfigurationIsVisible = 0;
			defaultConfigurationName = Release;
		};
/* End XCConfigurationList section */
	};
	rootObject = B52153A62BE5095800DFFDF2 /* Project object */;
}
